<?xml version="1.0" encoding="utf-8"?>
<Project ToolsVersion="4.0" xmlns="http://schemas.microsoft.com/developer/msbuild/2003">
  <ItemGroup>
    <Filter Include="Source Files">
      <UniqueIdentifier>{4FC737F1-C7A5-4376-A066-2A32D752A2FF}</UniqueIdentifier>
      <Extensions>cpp;c;cc;cxx;def;odl;idl;hpj;bat;asm;asmx</Extensions>
    </Filter>
    <Filter Include="Header Files">
      <UniqueIdentifier>{93995380-89BD-4b04-88EB-625FBE52EBFB}</UniqueIdentifier>
      <Extensions>h;hh;hpp;hxx;hm;inl;inc;xsd</Extensions>
    </Filter>
    <Filter Include="Resource Files">
      <UniqueIdentifier>{67DA6AB6-F800-4c08-8B7A-83BB121AAD01}</UniqueIdentifier>
      <Extensions>rc;ico;cur;bmp;dlg;rc2;rct;bin;rgs;gif;jpg;jpeg;jpe;resx;tiff;tif;png;wav;mfcribbon-ms</Extensions>
    </Filter>
  </ItemGroup>
  <ItemGroup>
    <ClCompile Include="Game.cpp">
      <Filter>Source Files</Filter>
    </ClCompile>
    <ClCompile Include="GameEvents.cpp">
      <Filter>Source Files</Filter>
    </ClCompile>
    <ClCompile Include="main.cpp">
      <Filter>Source Files</Filter>
    </ClCompile>
    <ClCompile Include="Sprite.cpp">
      <Filter>Source Files</Filter>
    </ClCompile>
    <ClCompile Include="Vector2f.cpp">
      <Filter>Source Files</Filter>
    </ClCompile>
    <ClCompile Include="AnimatedSprite.cpp">
      <Filter>Source Files</Filter>
    </ClCompile>
    <ClCompile Include="TextureManager.cpp">
      <Filter>Source Files</Filter>
    </ClCompile>
    <ClCompile Include="GenericEntity.cpp">
      <Filter>Source Files</Filter>
    </ClCompile>
    <ClCompile Include="DragonEntity.cpp">
      <Filter>Source Files</Filter>
    </ClCompile>
    <ClCompile Include="FireBallEntity.cpp">
      <Filter>Source Files</Filter>
    </ClCompile>
    <ClCompile Include="SpawnEntity.cpp">
      <Filter>Source Files</Filter>
    </ClCompile>
    <ClCompile Include="BirdEntity.cpp">
      <Filter>Source Files</Filter>
    </ClCompile>
    <ClCompile Include="WaveEntity.cpp">
      <Filter>Source Files</Filter>
    </ClCompile>
  </ItemGroup>
  <ItemGroup>
    <ClInclude Include="Entity.h">
      <Filter>Header Files</Filter>
    </ClInclude>
    <ClInclude Include="Game.h">
      <Filter>Header Files</Filter>
    </ClInclude>
    <ClInclude Include="Sprite.h">
      <Filter>Header Files</Filter>
    </ClInclude>
    <ClInclude Include="Vector2f.h">
      <Filter>Header Files</Filter>
    </ClInclude>
    <ClInclude Include="AnimatedSprite.h">
      <Filter>Header Files</Filter>
    </ClInclude>
    <ClInclude Include="TextureManager.h">
      <Filter>Header Files</Filter>
    </ClInclude>
    <ClInclude Include="GenericEntity.h">
      <Filter>Header Files</Filter>
    </ClInclude>
    <ClInclude Include="DragonEntity.h">
      <Filter>Header Files</Filter>
    </ClInclude>
    <ClInclude Include="FireBallEntity.h">
      <Filter>Header Files</Filter>
    </ClInclude>
    <ClInclude Include="SpawnEntity.h">
      <Filter>Header Files</Filter>
    </ClInclude>
    <ClInclude Include="BirdEntity.h">
      <Filter>Header Files</Filter>
    </ClInclude>
    <ClInclude Include="WaveEntity.h">
      <Filter>Header Files</Filter>
    </ClInclude>
  </ItemGroup>
  <ItemGroup>
    <Image Include="chicken_fly.bmp">
      <Filter>Resource Files</Filter>
    </Image>
    <Image Include="chicken_hit.bmp">
      <Filter>Resource Files</Filter>
    </Image>
    <Image Include="dragon_fly.bmp">
      <Filter>Resource Files</Filter>
    </Image>
    <Image Include="duck_fly.bmp">
      <Filter>Resource Files</Filter>
    </Image>
    <Image Include="duck_hit.bmp">
      <Filter>Resource Files</Filter>
    </Image>
    <Image Include="fireball_blue.bmp">
      <Filter>Resource Files</Filter>
    </Image>
    <Image Include="fireball_pink.bmp">
      <Filter>Resource Files</Filter>
    </Image>
    <Image Include="fireball_red.bmp">
      <Filter>Resource Files</Filter>
    </Image>
    <Image Include="green_fly.bmp">
      <Filter>Resource Files</Filter>
    </Image>
    <Image Include="green_hit.bmp">
      <Filter>Resource Files</Filter>
    </Image>
    <Image Include="monster_fly.bmp">
      <Filter>Resource Files</Filter>
    </Image>
    <Image Include="monster_hit.bmp">
      <Filter>Resource Files</Filter>
    </Image>
    <Image Include="..\..\..\..\..\..\..\..\Working data\Admin\Desktop\gameOver.bmp">
      <Filter>Resource Files</Filter>
    </Image>
  </ItemGroup>
</Project>